
Microsoft Visual Studio Solution File, Format Version 12.00
# Visual Studio Version 16
VisualStudioVersion = 16.0.29326.143
MinimumVisualStudioVersion = 10.0.40219.1
Project("{9A19103F-16F7-4668-BE54-9A1E7A4F7556}") = "ContosoUniversity", "ContosoUniversity\ContosoUniversity.csproj", "{DDB42A18-B853-4224-A70C-F01D78386BA8}"
EndProject
Project("{FAE04EC0-301F-11D3-BF4B-00C04F79EFBC}") = "ContosoUniversity.Tests", "ContosoUniversity.Tests\ContosoUniversity.Tests.csproj", "{9758E1F7-FF54-460C-9BF3-10CCBA4DCC02}"
EndProject
Global
	GlobalSection(SolutionConfigurationPlatforms) = preSolution
		Debug|Any CPU = Debug|Any CPU
		Release|Any CPU = Release|Any CPU
	EndGlobalSection
	GlobalSection(ProjectConfigurationPlatforms) = postSolution
		{DDB42A18-B853-4224-A70C-F01D78386BA8}.Debug|Any CPU.ActiveCfg = Debug|Any CPU
		{DDB42A18-B853-4224-A70C-F01D78386BA8}.Debug|Any CPU.Build.0 = Debug|Any CPU
		{DDB42A18-B853-4224-A70C-F01D78386BA8}.Release|Any CPU.ActiveCfg = Release|Any CPU
		{DDB42A18-B853-4224-A70C-F01D78386BA8}.Release|Any CPU.Build.0 = Release|Any CPU
		{9758E1F7-FF54-460C-9BF3-10CCBA4DCC02}.Debug|Any CPU.ActiveCfg = Debug|Any CPU
		{9758E1F7-FF54-460C-9BF3-10CCBA4DCC02}.Debug|Any CPU.Build.0 = Debug|Any CPU
		{9758E1F7-FF54-460C-9BF3-10CCBA4DCC02}.Release|Any CPU.ActiveCfg = Release|Any CPU
		{9758E1F7-FF54-460C-9BF3-10CCBA4DCC02}.Release|Any CPU.Build.0 = Release|Any CPU
	EndGlobalSection
	GlobalSection(SolutionProperties) = preSolution
		HideSolutionNode = FALSE
	EndGlobalSection
	GlobalSection(ExtensibilityGlobals) = postSolution
		SolutionGuid = {F480BCE6-27DF-4E9D-B7C0-56BBC8F7450F}
	EndGlobalSection
EndGlobal
